
Microsoft Visual Studio Solution File, Format Version 12.00
# Visual Studio Version 17
VisualStudioVersion = 17.2.32505.173
MinimumVisualStudioVersion = 10.0.40219.1
Project("{FAE04EC0-301F-11D3-BF4B-00C04F79EFBC}") = "Practice05", "Practice05\Practice05.csproj", "{3DE89861-6247-43F9-BA6E-6D57B6A526B0}"
EndProject
Global
	GlobalSection(SolutionConfigurationPlatforms) = preSolution
		Debug|Any CPU = Debug|Any CPU
		Release|Any CPU = Release|Any CPU
	EndGlobalSection
	GlobalSection(ProjectConfigurationPlatforms) = postSolution
		{3DE89861-6247-43F9-BA6E-6D57B6A526B0}.Debug|Any CPU.ActiveCfg = Debug|Any CPU
		{3DE89861-6247-43F9-BA6E-6D57B6A526B0}.Debug|Any CPU.Build.0 = Debug|Any CPU
		{3DE89861-6247-43F9-BA6E-6D57B6A526B0}.Release|Any CPU.ActiveCfg = Release|Any CPU
		{3DE89861-6247-43F9-BA6E-6D57B6A526B0}.Release|Any CPU.Build.0 = Release|Any CPU
	EndGlobalSection
	GlobalSection(SolutionProperties) = preSolution
		HideSolutionNode = FALSE
	EndGlobalSection
	GlobalSection(ExtensibilityGlobals) = postSolution
		SolutionGuid = {DB253A55-0D5B-47B7-BEE4-FB5AA83A8B56}
	EndGlobalSection
EndGlobal
